
Microsoft Visual Studio Solution File, Format Version 12.00
# Visual Studio 14
VisualStudioVersion = 14.0.25420.1
MinimumVisualStudioVersion = 10.0.40219.1
Project("{FAE04EC0-301F-11D3-BF4B-00C04F79EFBC}") = "StudentManagementSystem", "StudentManagementSystem\StudentManagementSystem.csproj", "{22FEB985-5C4B-44E8-833C-31D76B4335E0}"
EndProject
Project("{FAE04EC0-301F-11D3-BF4B-00C04F79EFBC}") = "BIZ", "BIZ\BIZ.csproj", "{05B6BB80-017E-4F84-9C55-BA3E5C164F70}"
EndProject
Project("{FAE04EC0-301F-11D3-BF4B-00C04F79EFBC}") = "DAL", "DAL\DAL.csproj", "{2C58DB7C-F4A2-4DEB-8B0F-67A9A607617E}"
EndProject
Global
	GlobalSection(SolutionConfigurationPlatforms) = preSolution
		Debug|Any CPU = Debug|Any CPU
		Release|Any CPU = Release|Any CPU
	EndGlobalSection
	GlobalSection(ProjectConfigurationPlatforms) = postSolution
		{22FEB985-5C4B-44E8-833C-31D76B4335E0}.Debug|Any CPU.ActiveCfg = Debug|Any CPU
		{22FEB985-5C4B-44E8-833C-31D76B4335E0}.Debug|Any CPU.Build.0 = Debug|Any CPU
		{22FEB985-5C4B-44E8-833C-31D76B4335E0}.Release|Any CPU.ActiveCfg = Release|Any CPU
		{22FEB985-5C4B-44E8-833C-31D76B4335E0}.Release|Any CPU.Build.0 = Release|Any CPU
		{05B6BB80-017E-4F84-9C55-BA3E5C164F70}.Debug|Any CPU.ActiveCfg = Debug|Any CPU
		{05B6BB80-017E-4F84-9C55-BA3E5C164F70}.Debug|Any CPU.Build.0 = Debug|Any CPU
		{05B6BB80-017E-4F84-9C55-BA3E5C164F70}.Release|Any CPU.ActiveCfg = Release|Any CPU
		{05B6BB80-017E-4F84-9C55-BA3E5C164F70}.Release|Any CPU.Build.0 = Release|Any CPU
		{2C58DB7C-F4A2-4DEB-8B0F-67A9A607617E}.Debug|Any CPU.ActiveCfg = Debug|Any CPU
		{2C58DB7C-F4A2-4DEB-8B0F-67A9A607617E}.Debug|Any CPU.Build.0 = Debug|Any CPU
		{2C58DB7C-F4A2-4DEB-8B0F-67A9A607617E}.Release|Any CPU.ActiveCfg = Release|Any CPU
		{2C58DB7C-F4A2-4DEB-8B0F-67A9A607617E}.Release|Any CPU.Build.0 = Release|Any CPU
	EndGlobalSection
	GlobalSection(SolutionProperties) = preSolution
		HideSolutionNode = FALSE
	EndGlobalSection
EndGlobal
